
Microsoft Visual Studio Solution File, Format Version 12.00
# Visual Studio 15
VisualStudioVersion = 15.0.28307.1022
MinimumVisualStudioVersion = 10.0.40219.1
Project("{FAE04EC0-301F-11D3-BF4B-00C04F79EFBC}") = "Zadatak_1_Service", "Zadatak_1_Service\Zadatak_1_Service.csproj", "{F22C11E6-148F-45FA-85DB-A16E5E606501}"
EndProject
Project("{FAE04EC0-301F-11D3-BF4B-00C04F79EFBC}") = "Zadatak_1_Console", "Zadatak_1_Console\Zadatak_1_Console.csproj", "{34BBDE44-453D-4F08-8146-9D843591AD3D}"
	ProjectSection(ProjectDependencies) = postProject
		{F22C11E6-148F-45FA-85DB-A16E5E606501} = {F22C11E6-148F-45FA-85DB-A16E5E606501}
	EndProjectSection
EndProject
Global
	GlobalSection(SolutionConfigurationPlatforms) = preSolution
		Debug|Any CPU = Debug|Any CPU
		Release|Any CPU = Release|Any CPU
	EndGlobalSection
	GlobalSection(ProjectConfigurationPlatforms) = postSolution
		{F22C11E6-148F-45FA-85DB-A16E5E606501}.Debug|Any CPU.ActiveCfg = Debug|Any CPU
		{F22C11E6-148F-45FA-85DB-A16E5E606501}.Debug|Any CPU.Build.0 = Debug|Any CPU
		{F22C11E6-148F-45FA-85DB-A16E5E606501}.Release|Any CPU.ActiveCfg = Release|Any CPU
		{F22C11E6-148F-45FA-85DB-A16E5E606501}.Release|Any CPU.Build.0 = Release|Any CPU
		{34BBDE44-453D-4F08-8146-9D843591AD3D}.Debug|Any CPU.ActiveCfg = Debug|Any CPU
		{34BBDE44-453D-4F08-8146-9D843591AD3D}.Debug|Any CPU.Build.0 = Debug|Any CPU
		{34BBDE44-453D-4F08-8146-9D843591AD3D}.Release|Any CPU.ActiveCfg = Release|Any CPU
		{34BBDE44-453D-4F08-8146-9D843591AD3D}.Release|Any CPU.Build.0 = Release|Any CPU
	EndGlobalSection
	GlobalSection(SolutionProperties) = preSolution
		HideSolutionNode = FALSE
	EndGlobalSection
	GlobalSection(ExtensibilityGlobals) = postSolution
		SolutionGuid = {F0309034-AD22-40F0-8640-F0EAD6671FC3}
	EndGlobalSection
EndGlobal
